// !$*UTF8*$!
{
	archiveVersion = 1;
	classes = {
	};
	objectVersion = 46;
	objects = {

/* Begin PBXBuildFile section */
		641014B51F0529510090BE3A /* ListCollectionViewCell.swift in Sources */ = {isa = PBXBuildFile; fileRef = 641014B41F0529510090BE3A /* ListCollectionViewCell.swift */; };
		641014B71F0530090090BE3A /* GridCollectionViewCell.swift in Sources */ = {isa = PBXBuildFile; fileRef = 641014B61F0530090090BE3A /* GridCollectionViewCell.swift */; };
		642ADC8D1F0B919800978589 /* LocationManager.swift in Sources */ = {isa = PBXBuildFile; fileRef = 642ADC8C1F0B919800978589 /* LocationManager.swift */; };
		646958FA1F0106A300331025 /* MapKit.framework in Frameworks */ = {isa = PBXBuildFile; fileRef = 646958F91F0106A300331025 /* MapKit.framework */; };
		646958FE1F010CDB00331025 /* LocationWebService.swift in Sources */ = {isa = PBXBuildFile; fileRef = 646958FD1F010CDB00331025 /* LocationWebService.swift */; };
		646959001F01146700331025 /* Location.swift in Sources */ = {isa = PBXBuildFile; fileRef = 646958FF1F01146700331025 /* Location.swift */; };
		647C76911F0BBD1200C41061 /* DetailsViewController.swift in Sources */ = {isa = PBXBuildFile; fileRef = 647C76901F0BBD1200C41061 /* DetailsViewController.swift */; };
		648D92CA1F00EBFB007B2E66 /* AppDelegate.swift in Sources */ = {isa = PBXBuildFile; fileRef = 648D92C91F00EBFB007B2E66 /* AppDelegate.swift */; };
		648D92D11F00EBFC007B2E66 /* Main.storyboard in Resources */ = {isa = PBXBuildFile; fileRef = 648D92CF1F00EBFC007B2E66 /* Main.storyboard */; };
		648D92D31F00EBFE007B2E66 /* Assets.xcassets in Resources */ = {isa = PBXBuildFile; fileRef = 648D92D21F00EBFE007B2E66 /* Assets.xcassets */; };
		648D92D61F00EBFF007B2E66 /* LaunchScreen.storyboard in Resources */ = {isa = PBXBuildFile; fileRef = 648D92D41F00EBFF007B2E66 /* LaunchScreen.storyboard */; };
		648D92DE1F00FFAB007B2E66 /* ListViewController.swift in Sources */ = {isa = PBXBuildFile; fileRef = 648D92DD1F00FFAB007B2E66 /* ListViewController.swift */; };
		648D92E21F00FFDD007B2E66 /* MapViewController.swift in Sources */ = {isa = PBXBuildFile; fileRef = 648D92E11F00FFDD007B2E66 /* MapViewController.swift */; };
		AF88AC1AD4B89ABAF5BB1186 /* Pods_Turvo.framework in Frameworks */ = {isa = PBXBuildFile; fileRef = 99D5BC275A968A6FB71F57AC /* Pods_Turvo.framework */; };
/* End PBXBuildFile section */

/* Begin PBXFileReference section */
		641014B41F0529510090BE3A /* ListCollectionViewCell.swift */ = {isa = PBXFileReference; fileEncoding = 4; lastKnownFileType = sourcecode.swift; path = ListCollectionViewCell.swift; sourceTree = "<group>"; };
		641014B61F0530090090BE3A /* GridCollectionViewCell.swift */ = {isa = PBXFileReference; fileEncoding = 4; lastKnownFileType = sourcecode.swift; path = GridCollectionViewCell.swift; sourceTree = "<group>"; };
		642ADC8C1F0B919800978589 /* LocationManager.swift */ = {isa = PBXFileReference; fileEncoding = 4; lastKnownFileType = sourcecode.swift; path = LocationManager.swift; sourceTree = "<group>"; };
		646958F91F0106A300331025 /* MapKit.framework */ = {isa = PBXFileReference; lastKnownFileType = wrapper.framework; name = MapKit.framework; path = System/Library/Frameworks/MapKit.framework; sourceTree = SDKROOT; };
		646958FD1F010CDB00331025 /* LocationWebService.swift */ = {isa = PBXFileReference; fileEncoding = 4; lastKnownFileType = sourcecode.swift; path = LocationWebService.swift; sourceTree = "<group>"; };
		646958FF1F01146700331025 /* Location.swift */ = {isa = PBXFileReference; fileEncoding = 4; lastKnownFileType = sourcecode.swift; path = Location.swift; sourceTree = "<group>"; };
		647C76901F0BBD1200C41061 /* DetailsViewController.swift */ = {isa = PBXFileReference; fileEncoding = 4; lastKnownFileType = sourcecode.swift; path = DetailsViewController.swift; sourceTree = "<group>"; };
		648D92C61F00EBFA007B2E66 /* Turvo.app */ = {isa = PBXFileReference; explicitFileType = wrapper.application; includeInIndex = 0; path = Turvo.app; sourceTree = BUILT_PRODUCTS_DIR; };
		648D92C91F00EBFB007B2E66 /* AppDelegate.swift */ = {isa = PBXFileReference; lastKnownFileType = sourcecode.swift; path = AppDelegate.swift; sourceTree = "<group>"; };
		648D92D01F00EBFC007B2E66 /* Base */ = {isa = PBXFileReference; lastKnownFileType = file.storyboard; name = Base; path = Base.lproj/Main.storyboard; sourceTree = "<group>"; };
		648D92D21F00EBFE007B2E66 /* Assets.xcassets */ = {isa = PBXFileReference; lastKnownFileType = folder.assetcatalog; path = Assets.xcassets; sourceTree = "<group>"; };
		648D92D51F00EBFF007B2E66 /* Base */ = {isa = PBXFileReference; lastKnownFileType = file.storyboard; name = Base; path = Base.lproj/LaunchScreen.storyboard; sourceTree = "<group>"; };
		648D92D71F00EBFF007B2E66 /* Info.plist */ = {isa = PBXFileReference; lastKnownFileType = text.plist.xml; path = Info.plist; sourceTree = "<group>"; };
		648D92DD1F00FFAB007B2E66 /* ListViewController.swift */ = {isa = PBXFileReference; fileEncoding = 4; lastKnownFileType = sourcecode.swift; path = ListViewController.swift; sourceTree = "<group>"; };
		648D92E11F00FFDD007B2E66 /* MapViewController.swift */ = {isa = PBXFileReference; fileEncoding = 4; lastKnownFileType = sourcecode.swift; path = MapViewController.swift; sourceTree = "<group>"; };
		79F6678A6BBA3BB99A080DEB /* Pods-Turvo.debug.xcconfig */ = {isa = PBXFileReference; includeInIndex = 1; lastKnownFileType = text.xcconfig; name = "Pods-Turvo.debug.xcconfig"; path = "Pods/Target Support Files/Pods-Turvo/Pods-Turvo.debug.xcconfig"; sourceTree = "<group>"; };
		99D5BC275A968A6FB71F57AC /* Pods_Turvo.framework */ = {isa = PBXFileReference; explicitFileType = wrapper.framework; includeInIndex = 0; path = Pods_Turvo.framework; sourceTree = BUILT_PRODUCTS_DIR; };
		ECD0CDFB66AF2666B4D5C060 /* Pods-Turvo.release.xcconfig */ = {isa = PBXFileReference; includeInIndex = 1; lastKnownFileType = text.xcconfig; name = "Pods-Turvo.release.xcconfig"; path = "Pods/Target Support Files/Pods-Turvo/Pods-Turvo.release.xcconfig"; sourceTree = "<group>"; };
/* End PBXFileReference section */

/* Begin PBXFrameworksBuildPhase section */
		648D92C31F00EBFA007B2E66 /* Frameworks */ = {
			isa = PBXFrameworksBuildPhase;
			buildActionMask = 2147483647;
			files = (
				646958FA1F0106A300331025 /* MapKit.framework in Frameworks */,
				AF88AC1AD4B89ABAF5BB1186 /* Pods_Turvo.framework in Frameworks */,
			);
			runOnlyForDeploymentPostprocessing = 0;
		};
/* End PBXFrameworksBuildPhase section */

/* Begin PBXGroup section */
		641014B31F0528A90090BE3A /* CustomViews */ = {
			isa = PBXGroup;
			children = (
				641014B41F0529510090BE3A /* ListCollectionViewCell.swift */,
				641014B61F0530090090BE3A /* GridCollectionViewCell.swift */,
			);
			name = CustomViews;
			sourceTree = "<group>";
		};
		642ADC8B1F0B917700978589 /* Managers */ = {
			isa = PBXGroup;
			children = (
				642ADC8C1F0B919800978589 /* LocationManager.swift */,
			);
			name = Managers;
			sourceTree = "<group>";
		};
		646958F81F0106A300331025 /* Frameworks */ = {
			isa = PBXGroup;
			children = (
				646958F91F0106A300331025 /* MapKit.framework */,
				99D5BC275A968A6FB71F57AC /* Pods_Turvo.framework */,
			);
			name = Frameworks;
			sourceTree = "<group>";
		};
		646958FB1F010CA900331025 /* WebServices */ = {
			isa = PBXGroup;
			children = (
				646958FD1F010CDB00331025 /* LocationWebService.swift */,
			);
			name = WebServices;
			sourceTree = "<group>";
		};
		646958FC1F010CB400331025 /* Models */ = {
			isa = PBXGroup;
			children = (
				646958FF1F01146700331025 /* Location.swift */,
			);
			name = Models;
			sourceTree = "<group>";
		};
		648D92BD1F00EBFA007B2E66 = {
			isa = PBXGroup;
			children = (
				648D92C81F00EBFB007B2E66 /* Turvo */,
				648D92C71F00EBFA007B2E66 /* Products */,
				646958F81F0106A300331025 /* Frameworks */,
				AC742F86092464FB20FEA448 /* Pods */,
			);
			sourceTree = "<group>";
		};
		648D92C71F00EBFA007B2E66 /* Products */ = {
			isa = PBXGroup;
			children = (
				648D92C61F00EBFA007B2E66 /* Turvo.app */,
			);
			name = Products;
			sourceTree = "<group>";
		};
		648D92C81F00EBFB007B2E66 /* Turvo */ = {
			isa = PBXGroup;
			children = (
				642ADC8B1F0B917700978589 /* Managers */,
				641014B31F0528A90090BE3A /* CustomViews */,
				646958FC1F010CB400331025 /* Models */,
				646958FB1F010CA900331025 /* WebServices */,
				648D92E01F00FFC5007B2E66 /* AppDelegate */,
				648D92DF1F00FFB2007B2E66 /* ViewControllers */,
				648D92CF1F00EBFC007B2E66 /* Main.storyboard */,
				648D92D21F00EBFE007B2E66 /* Assets.xcassets */,
				648D92D41F00EBFF007B2E66 /* LaunchScreen.storyboard */,
				648D92D71F00EBFF007B2E66 /* Info.plist */,
			);
			path = Turvo;
			sourceTree = "<group>";
		};
		648D92DF1F00FFB2007B2E66 /* ViewControllers */ = {
			isa = PBXGroup;
			children = (
				648D92DD1F00FFAB007B2E66 /* ListViewController.swift */,
				648D92E11F00FFDD007B2E66 /* MapViewController.swift */,
				647C76901F0BBD1200C41061 /* DetailsViewController.swift */,
			);
			name = ViewControllers;
			sourceTree = "<group>";
		};
		648D92E01F00FFC5007B2E66 /* AppDelegate */ = {
			isa = PBXGroup;
			children = (
				648D92C91F00EBFB007B2E66 /* AppDelegate.swift */,
			);
			name = AppDelegate;
			sourceTree = "<group>";
		};
		AC742F86092464FB20FEA448 /* Pods */ = {
			isa = PBXGroup;
			children = (
				79F6678A6BBA3BB99A080DEB /* Pods-Turvo.debug.xcconfig */,
				ECD0CDFB66AF2666B4D5C060 /* Pods-Turvo.release.xcconfig */,
			);
			name = Pods;
			sourceTree = "<group>";
		};
/* End PBXGroup section */

/* Begin PBXNativeTarget section */
		648D92C51F00EBFA007B2E66 /* Turvo */ = {
			isa = PBXNativeTarget;
			buildConfigurationList = 648D92DA1F00EBFF007B2E66 /* Build configuration list for PBXNativeTarget "Turvo" */;
			buildPhases = (
				F4B67DF3AE75255EEF6FF5AC /* [CP] Check Pods Manifest.lock */,
				648D92C21F00EBFA007B2E66 /* Sources */,
				648D92C31F00EBFA007B2E66 /* Frameworks */,
				648D92C41F00EBFA007B2E66 /* Resources */,
				625844938EBE807279672907 /* [CP] Embed Pods Frameworks */,
				BCD50AE5A0A423B920EA5922 /* [CP] Copy Pods Resources */,
			);
			buildRules = (
			);
			dependencies = (
			);
			name = Turvo;
			productName = Turvo;
			productReference = 648D92C61F00EBFA007B2E66 /* Turvo.app */;
			productType = "com.apple.product-type.application";
		};
/* End PBXNativeTarget section */

/* Begin PBXProject section */
		648D92BE1F00EBFA007B2E66 /* Project object */ = {
			isa = PBXProject;
			attributes = {
				LastSwiftUpdateCheck = 0830;
				LastUpgradeCheck = 0830;
				ORGANIZATIONNAME = subins;
				TargetAttributes = {
					648D92C51F00EBFA007B2E66 = {
						CreatedOnToolsVersion = 8.3.3;
						DevelopmentTeam = 5DYFD9UMYF;
						ProvisioningStyle = Automatic;
					};
				};
			};
			buildConfigurationList = 648D92C11F00EBFA007B2E66 /* Build configuration list for PBXProject "Turvo" */;
			compatibilityVersion = "Xcode 3.2";
			developmentRegion = English;
			hasScannedForEncodings = 0;
			knownRegions = (
				en,
				Base,
			);
			mainGroup = 648D92BD1F00EBFA007B2E66;
			productRefGroup = 648D92C71F00EBFA007B2E66 /* Products */;
			projectDirPath = "";
			projectRoot = "";
			targets = (
				648D92C51F00EBFA007B2E66 /* Turvo */,
			);
		};
/* End PBXProject section */

/* Begin PBXResourcesBuildPhase section */
		648D92C41F00EBFA007B2E66 /* Resources */ = {
			isa = PBXResourcesBuildPhase;
			buildActionMask = 2147483647;
			files = (
				648D92D61F00EBFF007B2E66 /* LaunchScreen.storyboard in Resources */,
				648D92D31F00EBFE007B2E66 /* Assets.xcassets in Resources */,
				648D92D11F00EBFC007B2E66 /* Main.storyboard in Resources */,
			);
			runOnlyForDeploymentPostprocessing = 0;
		};
/* End PBXResourcesBuildPhase section */

/* Begin PBXShellScriptBuildPhase section */
		625844938EBE807279672907 /* [CP] Embed Pods Frameworks */ = {
			isa = PBXShellScriptBuildPhase;
			buildActionMask = 2147483647;
			files = (
			);
			inputPaths = (
			);
			name = "[CP] Embed Pods Frameworks";
			outputPaths = (
			);
			runOnlyForDeploymentPostprocessing = 0;
			shellPath = /bin/sh;
			shellScript = "\"${SRCROOT}/Pods/Target Support Files/Pods-Turvo/Pods-Turvo-frameworks.sh\"\n";
			showEnvVarsInLog = 0;
		};
		BCD50AE5A0A423B920EA5922 /* [CP] Copy Pods Resources */ = {
			isa = PBXShellScriptBuildPhase;
			buildActionMask = 2147483647;
			files = (
			);
			inputPaths = (
			);
			name = "[CP] Copy Pods Resources";
			outputPaths = (
			);
			runOnlyForDeploymentPostprocessing = 0;
			shellPath = /bin/sh;
			shellScript = "\"${SRCROOT}/Pods/Target Support Files/Pods-Turvo/Pods-Turvo-resources.sh\"\n";
			showEnvVarsInLog = 0;
		};
		F4B67DF3AE75255EEF6FF5AC /* [CP] Check Pods Manifest.lock */ = {
			isa = PBXShellScriptBuildPhase;
			buildActionMask = 2147483647;
			files = (
			);
			inputPaths = (
			);
			name = "[CP] Check Pods Manifest.lock";
			outputPaths = (
			);
			runOnlyForDeploymentPostprocessing = 0;
			shellPath = /bin/sh;
			shellScript = "diff \"${PODS_PODFILE_DIR_PATH}/Podfile.lock\" \"${PODS_ROOT}/Manifest.lock\" > /dev/null\nif [ $? != 0 ] ; then\n    # print error to STDERR\n    echo \"error: The sandbox is not in sync with the Podfile.lock. Run 'pod install' or update your CocoaPods installation.\" >&2\n    exit 1\nfi\n";
			showEnvVarsInLog = 0;
		};
/* End PBXShellScriptBuildPhase section */

/* Begin PBXSourcesBuildPhase section */
		648D92C21F00EBFA007B2E66 /* Sources */ = {
			isa = PBXSourcesBuildPhase;
			buildActionMask = 2147483647;
			files = (
				641014B51F0529510090BE3A /* ListCollectionViewCell.swift in Sources */,
				648D92DE1F00FFAB007B2E66 /* ListViewController.swift in Sources */,
				647C76911F0BBD1200C41061 /* DetailsViewController.swift in Sources */,
				648D92E21F00FFDD007B2E66 /* MapViewController.swift in Sources */,
				646959001F01146700331025 /* Location.swift in Sources */,
				642ADC8D1F0B919800978589 /* LocationManager.swift in Sources */,
				641014B71F0530090090BE3A /* GridCollectionViewCell.swift in Sources */,
				648D92CA1F00EBFB007B2E66 /* AppDelegate.swift in Sources */,
				646958FE1F010CDB00331025 /* LocationWebService.swift in Sources */,
			);
			runOnlyForDeploymentPostprocessing = 0;
		};
/* End PBXSourcesBuildPhase section */

/* Begin PBXVariantGroup section */
		648D92CF1F00EBFC007B2E66 /* Main.storyboard */ = {
			isa = PBXVariantGroup;
			children = (
				648D92D01F00EBFC007B2E66 /* Base */,
			);
			name = Main.storyboard;
			sourceTree = "<group>";
		};
		648D92D41F00EBFF007B2E66 /* LaunchScreen.storyboard */ = {
			isa = PBXVariantGroup;
			children = (
				648D92D51F00EBFF007B2E66 /* Base */,
			);
			name = LaunchScreen.storyboard;
			sourceTree = "<group>";
		};
/* End PBXVariantGroup section */

/* Begin XCBuildConfiguration section */
		648D92D81F00EBFF007B2E66 /* Debug */ = {
			isa = XCBuildConfiguration;
			buildSettings = {
				ALWAYS_SEARCH_USER_PATHS = NO;
				CLANG_ANALYZER_NONNULL = YES;
				CLANG_ANALYZER_NUMBER_OBJECT_CONVERSION = YES_AGGRESSIVE;
				CLANG_CXX_LANGUAGE_STANDARD = "gnu++0x";
				CLANG_CXX_LIBRARY = "libc++";
				CLANG_ENABLE_MODULES = YES;
				CLANG_ENABLE_OBJC_ARC = YES;
				CLANG_WARN_BOOL_CONVERSION = YES;
				CLANG_WARN_CONSTANT_CONVERSION = YES;
				CLANG_WARN_DIRECT_OBJC_ISA_USAGE = YES_ERROR;
				CLANG_WARN_DOCUMENTATION_COMMENTS = YES;
				CLANG_WARN_EMPTY_BODY = YES;
				CLANG_WARN_ENUM_CONVERSION = YES;
				CLANG_WARN_INFINITE_RECURSION = YES;
				CLANG_WARN_INT_CONVERSION = YES;
				CLANG_WARN_OBJC_ROOT_CLASS = YES_ERROR;
				CLANG_WARN_SUSPICIOUS_MOVE = YES;
				CLANG_WARN_UNREACHABLE_CODE = YES;
				CLANG_WARN__DUPLICATE_METHOD_MATCH = YES;
				"CODE_SIGN_IDENTITY[sdk=iphoneos*]" = "iPhone Developer";
				COPY_PHASE_STRIP = NO;
				DEBUG_INFORMATION_FORMAT = dwarf;
				ENABLE_STRICT_OBJC_MSGSEND = YES;
				ENABLE_TESTABILITY = YES;
				GCC_C_LANGUAGE_STANDARD = gnu99;
				GCC_DYNAMIC_NO_PIC = NO;
				GCC_NO_COMMON_BLOCKS = YES;
				GCC_OPTIMIZATION_LEVEL = 0;
				GCC_PREPROCESSOR_DEFINITIONS = (
					"DEBUG=1",
					"$(inherited)",
				);
				GCC_WARN_64_TO_32_BIT_CONVERSION = YES;
				GCC_WARN_ABOUT_RETURN_TYPE = YES_ERROR;
				GCC_WARN_UNDECLARED_SELECTOR = YES;
				GCC_WARN_UNINITIALIZED_AUTOS = YES_AGGRESSIVE;
				GCC_WARN_UNUSED_FUNCTION = YES;
				GCC_WARN_UNUSED_VARIABLE = YES;
				IPHONEOS_DEPLOYMENT_TARGET = 10.3;
				MTL_ENABLE_DEBUG_INFO = YES;
				ONLY_ACTIVE_ARCH = YES;
				SDKROOT = iphoneos;
				SWIFT_ACTIVE_COMPILATION_CONDITIONS = DEBUG;
				SWIFT_OPTIMIZATION_LEVEL = "-Onone";
			};
			name = Debug;
		};
		648D92D91F00EBFF007B2E66 /* Release */ = {
			isa = XCBuildConfiguration;
			buildSettings = {
				ALWAYS_SEARCH_USER_PATHS = NO;
				CLANG_ANALYZER_NONNULL = YES;
				CLANG_ANALYZER_NUMBER_OBJECT_CONVERSION = YES_AGGRESSIVE;
				CLANG_CXX_LANGUAGE_STANDARD = "gnu++0x";
				CLANG_CXX_LIBRARY = "libc++";
				CLANG_ENABLE_MODULES = YES;
				CLANG_ENABLE_OBJC_ARC = YES;
				CLANG_WARN_BOOL_CONVERSION = YES;
				CLANG_WARN_CONSTANT_CONVERSION = YES;
				CLANG_WARN_DIRECT_OBJC_ISA_USAGE = YES_ERROR;
				CLANG_WARN_DOCUMENTATION_COMMENTS = YES;
				CLANG_WARN_EMPTY_BODY = YES;
				CLANG_WARN_ENUM_CONVERSION = YES;
				CLANG_WARN_INFINITE_RECURSION = YES;
				CLANG_WARN_INT_CONVERSION = YES;
				CLANG_WARN_OBJC_ROOT_CLASS = YES_ERROR;
				CLANG_WARN_SUSPICIOUS_MOVE = YES;
				CLANG_WARN_UNREACHABLE_CODE = YES;
				CLANG_WARN__DUPLICATE_METHOD_MATCH = YES;
				"CODE_SIGN_IDENTITY[sdk=iphoneos*]" = "iPhone Developer";
				COPY_PHASE_STRIP = NO;
				DEBUG_INFORMATION_FORMAT = "dwarf-with-dsym";
				ENABLE_NS_ASSERTIONS = NO;
				ENABLE_STRICT_OBJC_MSGSEND = YES;
				GCC_C_LANGUAGE_STANDARD = gnu99;
				GCC_NO_COMMON_BLOCKS = YES;
				GCC_WARN_64_TO_32_BIT_CONVERSION = YES;
				GCC_WARN_ABOUT_RETURN_TYPE = YES_ERROR;
				GCC_WARN_UNDECLARED_SELECTOR = YES;
				GCC_WARN_UNINITIALIZED_AUTOS = YES_AGGRESSIVE;
				GCC_WARN_UNUSED_FUNCTION = YES;
				GCC_WARN_UNUSED_VARIABLE = YES;
				IPHONEOS_DEPLOYMENT_TARGET = 10.3;
				MTL_ENABLE_DEBUG_INFO = NO;
				SDKROOT = iphoneos;
				SWIFT_OPTIMIZATION_LEVEL = "-Owholemodule";
				VALIDATE_PRODUCT = YES;
			};
			name = Release;
		};
		648D92DB1F00EBFF007B2E66 /* Debug */ = {
			isa = XCBuildConfiguration;
			baseConfigurationReference = 79F6678A6BBA3BB99A080DEB /* Pods-Turvo.debug.xcconfig */;
			buildSettings = {
				ASSETCATALOG_COMPILER_APPICON_NAME = AppIcon;
				DEVELOPMENT_TEAM = 5DYFD9UMYF;
				INFOPLIST_FILE = Turvo/Info.plist;
				LD_RUNPATH_SEARCH_PATHS = "$(inherited) @executable_path/Frameworks";
				PRODUCT_BUNDLE_IDENTIFIER = com.qburst.Turvo;
				PRODUCT_NAME = "$(TARGET_NAME)";
				SWIFT_VERSION = 3.0;
			};
			name = Debug;
		};
		648D92DC1F00EBFF007B2E66 /* Release */ = {
			isa = XCBuildConfiguration;
			baseConfigurationReference = ECD0CDFB66AF2666B4D5C060 /* Pods-Turvo.release.xcconfig */;
			buildSettings = {
				ASSETCATALOG_COMPILER_APPICON_NAME = AppIcon;
				DEVELOPMENT_TEAM = 5DYFD9UMYF;
				INFOPLIST_FILE = Turvo/Info.plist;
				LD_RUNPATH_SEARCH_PATHS = "$(inherited) @executable_path/Frameworks";
				PRODUCT_BUNDLE_IDENTIFIER = com.qburst.Turvo;
				PRODUCT_NAME = "$(TARGET_NAME)";
				SWIFT_VERSION = 3.0;
			};
			name = Release;
		};
/* End XCBuildConfiguration section */

/* Begin XCConfigurationList section */
		648D92C11F00EBFA007B2E66 /* Build configuration list for PBXProject "Turvo" */ = {
			isa = XCConfigurationList;
			buildConfigurations = (
				648D92D81F00EBFF007B2E66 /* Debug */,
				648D92D91F00EBFF007B2E66 /* Release */,
			);
			defaultConfigurationIsVisible = 0;
			defaultConfigurationName = Release;
		};
		648D92DA1F00EBFF007B2E66 /* Build configuration list for PBXNativeTarget "Turvo" */ = {
			isa = XCConfigurationList;
			buildConfigurations = (
				648D92DB1F00EBFF007B2E66 /* Debug */,
				648D92DC1F00EBFF007B2E66 /* Release */,
			);
			defaultConfigurationIsVisible = 0;
			defaultConfigurationName = Release;
		};
/* End XCConfigurationList section */
	};
	rootObject = 648D92BE1F00EBFA007B2E66 /* Project object */;
}
